
Microsoft Visual Studio Solution File, Format Version 12.00
# Visual Studio Version 16
VisualStudioVersion = 16.0.29613.14
MinimumVisualStudioVersion = 10.0.40219.1
Project("{FAE04EC0-301F-11D3-BF4B-00C04F79EFBC}") = "Oblig1", "Oblig1\Oblig1.csproj", "{821D7769-B694-4AA0-A8ED-A27B079C9A7C}"
EndProject
Global
	GlobalSection(SolutionConfigurationPlatforms) = preSolution
		Debug|Any CPU = Debug|Any CPU
		Release|Any CPU = Release|Any CPU
	EndGlobalSection
	GlobalSection(ProjectConfigurationPlatforms) = postSolution
		{821D7769-B694-4AA0-A8ED-A27B079C9A7C}.Debug|Any CPU.ActiveCfg = Debug|Any CPU
		{821D7769-B694-4AA0-A8ED-A27B079C9A7C}.Debug|Any CPU.Build.0 = Debug|Any CPU
		{821D7769-B694-4AA0-A8ED-A27B079C9A7C}.Release|Any CPU.ActiveCfg = Release|Any CPU
		{821D7769-B694-4AA0-A8ED-A27B079C9A7C}.Release|Any CPU.Build.0 = Release|Any CPU
	EndGlobalSection
	GlobalSection(SolutionProperties) = preSolution
		HideSolutionNode = FALSE
	EndGlobalSection
	GlobalSection(ExtensibilityGlobals) = postSolution
		SolutionGuid = {E56BC69E-A97C-4EF1-B974-AA83B1CD9DE4}
	EndGlobalSection
EndGlobal
